
Microsoft Visual Studio Solution File, Format Version 12.00
# Visual Studio Version 17
VisualStudioVersion = 17.8.34330.188
MinimumVisualStudioVersion = 10.0.40219.1
Project("{FAE04EC0-301F-11D3-BF4B-00C04F79EFBC}") = "Worms2-Settings", "Worms2-Settings.csproj", "{0025A7F1-4C99-4ADD-8AC2-B81FD9D75E30}"
EndProject
Global
	GlobalSection(SolutionConfigurationPlatforms) = preSolution
		Debug|Any CPU = Debug|Any CPU
		Release|Any CPU = Release|Any CPU
	EndGlobalSection
	GlobalSection(ProjectConfigurationPlatforms) = postSolution
		{0025A7F1-4C99-4ADD-8AC2-B81FD9D75E30}.Debug|Any CPU.ActiveCfg = Debug|Any CPU
		{0025A7F1-4C99-4ADD-8AC2-B81FD9D75E30}.Debug|Any CPU.Build.0 = Debug|Any CPU
		{0025A7F1-4C99-4ADD-8AC2-B81FD9D75E30}.Release|Any CPU.ActiveCfg = Release|Any CPU
		{0025A7F1-4C99-4ADD-8AC2-B81FD9D75E30}.Release|Any CPU.Build.0 = Release|Any CPU
	EndGlobalSection
	GlobalSection(SolutionProperties) = preSolution
		HideSolutionNode = FALSE
	EndGlobalSection
	GlobalSection(ExtensibilityGlobals) = postSolution
		SolutionGuid = {CC5402F4-408F-4617-8A89-61149EA6B1CE}
	EndGlobalSection
EndGlobal
